
Microsoft Visual Studio Solution File, Format Version 12.00
# Visual Studio Version 17
VisualStudioVersion = 17.0.31903.59
MinimumVisualStudioVersion = 10.0.40219.1
Project("{FAE04EC0-301F-11D3-BF4B-00C04F79EFBC}") = "Frms.Api", "Frms.Api\Frms.Api.csproj", "{2554E215-A4A7-40CC-A9E0-925C2A8188CC}"
EndProject
Project("{FAE04EC0-301F-11D3-BF4B-00C04F79EFBC}") = "Frms.Business", "Frms.Business\Frms.Business.csproj", "{8391BB38-8866-46B7-A096-7D9372AF7D09}"
EndProject
Project("{FAE04EC0-301F-11D3-BF4B-00C04F79EFBC}") = "Frms.DataAccess", "Frms.DataAccess\Frms.DataAccess.csproj", "{A646C9ED-EA8F-45EE-BEA1-FFC4AC9C14A7}"
EndProject
Project("{FAE04EC0-301F-11D3-BF4B-00C04F79EFBC}") = "Frms.Infrastructure", "Frms.Infrastructure\Frms.Infrastructure.csproj", "{923680A4-C1A2-4ECE-BC5E-DDC0B6597E07}"
EndProject
Project("{2150E333-8FDC-42A3-9474-1A3956D46DE8}") = "tests", "tests", "{0AB3BF05-4346-4AA6-1389-037BE0695223}"
EndProject
Project("{FAE04EC0-301F-11D3-BF4B-00C04F79EFBC}") = "Frms.UnitTests", "tests\Frms.UnitTests\Frms.UnitTests.csproj", "{D52B6FF6-86E3-4644-8F9A-1C9515848655}"
EndProject
Project("{FAE04EC0-301F-11D3-BF4B-00C04F79EFBC}") = "Frms.ApiTests", "tests\Frms.ApiTests\Frms.ApiTests.csproj", "{09B7D3BF-84E7-4384-AC5D-AF247288C4E2}"
EndProject
Project("{FAE04EC0-301F-11D3-BF4B-00C04F79EFBC}") = "Frms.IntegrationTests", "tests\Frms.IntegrationTests\Frms.IntegrationTests.csproj", "{E91558DF-9DF1-4975-A32A-391F43985C84}"
EndProject
Project("{FAE04EC0-301F-11D3-BF4B-00C04F79EFBC}") = "Frms.ArchitectureTests", "tests\Frms.ArchitectureTests\Frms.ArchitectureTests.csproj", "{8D0F1952-B38A-43B4-8BD5-2CBB57196FD7}"
EndProject
Global
	GlobalSection(SolutionConfigurationPlatforms) = preSolution
		Debug|Any CPU = Debug|Any CPU
		Debug|x64 = Debug|x64
		Debug|x86 = Debug|x86
		Release|Any CPU = Release|Any CPU
		Release|x64 = Release|x64
		Release|x86 = Release|x86
	EndGlobalSection
	GlobalSection(ProjectConfigurationPlatforms) = postSolution
		{2554E215-A4A7-40CC-A9E0-925C2A8188CC}.Debug|Any CPU.ActiveCfg = Debug|Any CPU
		{2554E215-A4A7-40CC-A9E0-925C2A8188CC}.Debug|Any CPU.Build.0 = Debug|Any CPU
		{2554E215-A4A7-40CC-A9E0-925C2A8188CC}.Debug|x64.ActiveCfg = Debug|Any CPU
		{2554E215-A4A7-40CC-A9E0-925C2A8188CC}.Debug|x64.Build.0 = Debug|Any CPU
		{2554E215-A4A7-40CC-A9E0-925C2A8188CC}.Debug|x86.ActiveCfg = Debug|Any CPU
		{2554E215-A4A7-40CC-A9E0-925C2A8188CC}.Debug|x86.Build.0 = Debug|Any CPU
		{2554E215-A4A7-40CC-A9E0-925C2A8188CC}.Release|Any CPU.ActiveCfg = Release|Any CPU
		{2554E215-A4A7-40CC-A9E0-925C2A8188CC}.Release|Any CPU.Build.0 = Release|Any CPU
		{2554E215-A4A7-40CC-A9E0-925C2A8188CC}.Release|x64.ActiveCfg = Release|Any CPU
		{2554E215-A4A7-40CC-A9E0-925C2A8188CC}.Release|x64.Build.0 = Release|Any CPU
		{2554E215-A4A7-40CC-A9E0-925C2A8188CC}.Release|x86.ActiveCfg = Release|Any CPU
		{2554E215-A4A7-40CC-A9E0-925C2A8188CC}.Release|x86.Build.0 = Release|Any CPU
		{8391BB38-8866-46B7-A096-7D9372AF7D09}.Debug|Any CPU.ActiveCfg = Debug|Any CPU
		{8391BB38-8866-46B7-A096-7D9372AF7D09}.Debug|Any CPU.Build.0 = Debug|Any CPU
		{8391BB38-8866-46B7-A096-7D9372AF7D09}.Debug|x64.ActiveCfg = Debug|Any CPU
		{8391BB38-8866-46B7-A096-7D9372AF7D09}.Debug|x64.Build.0 = Debug|Any CPU
		{8391BB38-8866-46B7-A096-7D9372AF7D09}.Debug|x86.ActiveCfg = Debug|Any CPU
		{8391BB38-8866-46B7-A096-7D9372AF7D09}.Debug|x86.Build.0 = Debug|Any CPU
		{8391BB38-8866-46B7-A096-7D9372AF7D09}.Release|Any CPU.ActiveCfg = Release|Any CPU
		{8391BB38-8866-46B7-A096-7D9372AF7D09}.Release|Any CPU.Build.0 = Release|Any CPU
		{8391BB38-8866-46B7-A096-7D9372AF7D09}.Release|x64.ActiveCfg = Release|Any CPU
		{8391BB38-8866-46B7-A096-7D9372AF7D09}.Release|x64.Build.0 = Release|Any CPU
		{8391BB38-8866-46B7-A096-7D9372AF7D09}.Release|x86.ActiveCfg = Release|Any CPU
		{8391BB38-8866-46B7-A096-7D9372AF7D09}.Release|x86.Build.0 = Release|Any CPU
		{A646C9ED-EA8F-45EE-BEA1-FFC4AC9C14A7}.Debug|Any CPU.ActiveCfg = Debug|Any CPU
		{A646C9ED-EA8F-45EE-BEA1-FFC4AC9C14A7}.Debug|Any CPU.Build.0 = Debug|Any CPU
		{A646C9ED-EA8F-45EE-BEA1-FFC4AC9C14A7}.Debug|x64.ActiveCfg = Debug|Any CPU
		{A646C9ED-EA8F-45EE-BEA1-FFC4AC9C14A7}.Debug|x64.Build.0 = Debug|Any CPU
		{A646C9ED-EA8F-45EE-BEA1-FFC4AC9C14A7}.Debug|x86.ActiveCfg = Debug|Any CPU
		{A646C9ED-EA8F-45EE-BEA1-FFC4AC9C14A7}.Debug|x86.Build.0 = Debug|Any CPU
		{A646C9ED-EA8F-45EE-BEA1-FFC4AC9C14A7}.Release|Any CPU.ActiveCfg = Release|Any CPU
		{A646C9ED-EA8F-45EE-BEA1-FFC4AC9C14A7}.Release|Any CPU.Build.0 = Release|Any CPU
		{A646C9ED-EA8F-45EE-BEA1-FFC4AC9C14A7}.Release|x64.ActiveCfg = Release|Any CPU
		{A646C9ED-EA8F-45EE-BEA1-FFC4AC9C14A7}.Release|x64.Build.0 = Release|Any CPU
		{A646C9ED-EA8F-45EE-BEA1-FFC4AC9C14A7}.Release|x86.ActiveCfg = Release|Any CPU
		{A646C9ED-EA8F-45EE-BEA1-FFC4AC9C14A7}.Release|x86.Build.0 = Release|Any CPU
		{923680A4-C1A2-4ECE-BC5E-DDC0B6597E07}.Debug|Any CPU.ActiveCfg = Debug|Any CPU
		{923680A4-C1A2-4ECE-BC5E-DDC0B6597E07}.Debug|Any CPU.Build.0 = Debug|Any CPU
		{923680A4-C1A2-4ECE-BC5E-DDC0B6597E07}.Debug|x64.ActiveCfg = Debug|Any CPU
		{923680A4-C1A2-4ECE-BC5E-DDC0B6597E07}.Debug|x64.Build.0 = Debug|Any CPU
		{923680A4-C1A2-4ECE-BC5E-DDC0B6597E07}.Debug|x86.ActiveCfg = Debug|Any CPU
		{923680A4-C1A2-4ECE-BC5E-DDC0B6597E07}.Debug|x86.Build.0 = Debug|Any CPU
		{923680A4-C1A2-4ECE-BC5E-DDC0B6597E07}.Release|Any CPU.ActiveCfg = Release|Any CPU
		{923680A4-C1A2-4ECE-BC5E-DDC0B6597E07}.Release|Any CPU.Build.0 = Release|Any CPU
		{923680A4-C1A2-4ECE-BC5E-DDC0B6597E07}.Release|x64.ActiveCfg = Release|Any CPU
		{923680A4-C1A2-4ECE-BC5E-DDC0B6597E07}.Release|x64.Build.0 = Release|Any CPU
		{923680A4-C1A2-4ECE-BC5E-DDC0B6597E07}.Release|x86.ActiveCfg = Release|Any CPU
		{923680A4-C1A2-4ECE-BC5E-DDC0B6597E07}.Release|x86.Build.0 = Release|Any CPU
		{D52B6FF6-86E3-4644-8F9A-1C9515848655}.Debug|Any CPU.ActiveCfg = Debug|Any CPU
		{D52B6FF6-86E3-4644-8F9A-1C9515848655}.Debug|Any CPU.Build.0 = Debug|Any CPU
		{D52B6FF6-86E3-4644-8F9A-1C9515848655}.Debug|x64.ActiveCfg = Debug|Any CPU
		{D52B6FF6-86E3-4644-8F9A-1C9515848655}.Debug|x64.Build.0 = Debug|Any CPU
		{D52B6FF6-86E3-4644-8F9A-1C9515848655}.Debug|x86.ActiveCfg = Debug|Any CPU
		{D52B6FF6-86E3-4644-8F9A-1C9515848655}.Debug|x86.Build.0 = Debug|Any CPU
		{D52B6FF6-86E3-4644-8F9A-1C9515848655}.Release|Any CPU.ActiveCfg = Release|Any CPU
		{D52B6FF6-86E3-4644-8F9A-1C9515848655}.Release|Any CPU.Build.0 = Release|Any CPU
		{D52B6FF6-86E3-4644-8F9A-1C9515848655}.Release|x64.ActiveCfg = Release|Any CPU
		{D52B6FF6-86E3-4644-8F9A-1C9515848655}.Release|x64.Build.0 = Release|Any CPU
		{D52B6FF6-86E3-4644-8F9A-1C9515848655}.Release|x86.ActiveCfg = Release|Any CPU
		{D52B6FF6-86E3-4644-8F9A-1C9515848655}.Release|x86.Build.0 = Release|Any CPU
		{09B7D3BF-84E7-4384-AC5D-AF247288C4E2}.Debug|Any CPU.ActiveCfg = Debug|Any CPU
		{09B7D3BF-84E7-4384-AC5D-AF247288C4E2}.Debug|Any CPU.Build.0 = Debug|Any CPU
		{09B7D3BF-84E7-4384-AC5D-AF247288C4E2}.Debug|x64.ActiveCfg = Debug|Any CPU
		{09B7D3BF-84E7-4384-AC5D-AF247288C4E2}.Debug|x64.Build.0 = Debug|Any CPU
		{09B7D3BF-84E7-4384-AC5D-AF247288C4E2}.Debug|x86.ActiveCfg = Debug|Any CPU
		{09B7D3BF-84E7-4384-AC5D-AF247288C4E2}.Debug|x86.Build.0 = Debug|Any CPU
		{09B7D3BF-84E7-4384-AC5D-AF247288C4E2}.Release|Any CPU.ActiveCfg = Release|Any CPU
		{09B7D3BF-84E7-4384-AC5D-AF247288C4E2}.Release|Any CPU.Build.0 = Release|Any CPU
		{09B7D3BF-84E7-4384-AC5D-AF247288C4E2}.Release|x64.ActiveCfg = Release|Any CPU
		{09B7D3BF-84E7-4384-AC5D-AF247288C4E2}.Release|x64.Build.0 = Release|Any CPU
		{09B7D3BF-84E7-4384-AC5D-AF247288C4E2}.Release|x86.ActiveCfg = Release|Any CPU
		{09B7D3BF-84E7-4384-AC5D-AF247288C4E2}.Release|x86.Build.0 = Release|Any CPU
		{E91558DF-9DF1-4975-A32A-391F43985C84}.Debug|Any CPU.ActiveCfg = Debug|Any CPU
		{E91558DF-9DF1-4975-A32A-391F43985C84}.Debug|Any CPU.Build.0 = Debug|Any CPU
		{E91558DF-9DF1-4975-A32A-391F43985C84}.Debug|x64.ActiveCfg = Debug|Any CPU
		{E91558DF-9DF1-4975-A32A-391F43985C84}.Debug|x64.Build.0 = Debug|Any CPU
		{E91558DF-9DF1-4975-A32A-391F43985C84}.Debug|x86.ActiveCfg = Debug|Any CPU
		{E91558DF-9DF1-4975-A32A-391F43985C84}.Debug|x86.Build.0 = Debug|Any CPU
		{E91558DF-9DF1-4975-A32A-391F43985C84}.Release|Any CPU.ActiveCfg = Release|Any CPU
		{E91558DF-9DF1-4975-A32A-391F43985C84}.Release|Any CPU.Build.0 = Release|Any CPU
		{E91558DF-9DF1-4975-A32A-391F43985C84}.Release|x64.ActiveCfg = Release|Any CPU
		{E91558DF-9DF1-4975-A32A-391F43985C84}.Release|x64.Build.0 = Release|Any CPU
		{E91558DF-9DF1-4975-A32A-391F43985C84}.Release|x86.ActiveCfg = Release|Any CPU
		{E91558DF-9DF1-4975-A32A-391F43985C84}.Release|x86.Build.0 = Release|Any CPU
		{8D0F1952-B38A-43B4-8BD5-2CBB57196FD7}.Debug|Any CPU.ActiveCfg = Debug|Any CPU
		{8D0F1952-B38A-43B4-8BD5-2CBB57196FD7}.Debug|Any CPU.Build.0 = Debug|Any CPU
		{8D0F1952-B38A-43B4-8BD5-2CBB57196FD7}.Debug|x64.ActiveCfg = Debug|Any CPU
		{8D0F1952-B38A-43B4-8BD5-2CBB57196FD7}.Debug|x64.Build.0 = Debug|Any CPU
		{8D0F1952-B38A-43B4-8BD5-2CBB57196FD7}.Debug|x86.ActiveCfg = Debug|Any CPU
		{8D0F1952-B38A-43B4-8BD5-2CBB57196FD7}.Debug|x86.Build.0 = Debug|Any CPU
		{8D0F1952-B38A-43B4-8BD5-2CBB57196FD7}.Release|Any CPU.ActiveCfg = Release|Any CPU
		{8D0F1952-B38A-43B4-8BD5-2CBB57196FD7}.Release|Any CPU.Build.0 = Release|Any CPU
		{8D0F1952-B38A-43B4-8BD5-2CBB57196FD7}.Release|x64.ActiveCfg = Release|Any CPU
		{8D0F1952-B38A-43B4-8BD5-2CBB57196FD7}.Release|x64.Build.0 = Release|Any CPU
		{8D0F1952-B38A-43B4-8BD5-2CBB57196FD7}.Release|x86.ActiveCfg = Release|Any CPU
		{8D0F1952-B38A-43B4-8BD5-2CBB57196FD7}.Release|x86.Build.0 = Release|Any CPU
	EndGlobalSection
	GlobalSection(SolutionProperties) = preSolution
		HideSolutionNode = FALSE
	EndGlobalSection
	GlobalSection(NestedProjects) = preSolution
		{D52B6FF6-86E3-4644-8F9A-1C9515848655} = {0AB3BF05-4346-4AA6-1389-037BE0695223}
		{09B7D3BF-84E7-4384-AC5D-AF247288C4E2} = {0AB3BF05-4346-4AA6-1389-037BE0695223}
		{E91558DF-9DF1-4975-A32A-391F43985C84} = {0AB3BF05-4346-4AA6-1389-037BE0695223}
		{8D0F1952-B38A-43B4-8BD5-2CBB57196FD7} = {0AB3BF05-4346-4AA6-1389-037BE0695223}
	EndGlobalSection
EndGlobal
