<Solution>
  <Folder Name="/backend/">
    <Project Path="backend/Frms.Api/Frms.Api.csproj" />
    <Project Path="backend/Frms.Business/Frms.Business.csproj" />
    <Project Path="backend/Frms.DataAccess/Frms.DataAccess.csproj" />
    <Project Path="backend/Frms.Infrastructure/Frms.Infrastructure.csproj" />
  </Folder>
  <Folder Name="/backend/tests/">
    <Project Path="backend/tests/Frms.ApiTests/Frms.ApiTests.csproj" />
    <Project Path="backend/tests/Frms.ArchitectureTests/Frms.ArchitectureTests.csproj" />
    <Project Path="backend/tests/Frms.IntegrationTests/Frms.IntegrationTests.csproj" />
    <Project Path="backend/tests/Frms.UnitTests/Frms.UnitTests.csproj" />
  </Folder>
</Solution>
